{
  "version": "5",
  "specifiers": {
    "jsr:@std/internal@^1.0.12": "1.0.12",
    "jsr:@std/path@1": "1.1.4",
    "npm:commander@13": "13.1.0",
    "npm:openai@^6.1.0": "6.34.0",
    "npm:pyodide@~0.29.3": "0.29.3"
  },
  "jsr": {
    "@std/internal@1.0.12": {
      "integrity": "972a634fd5bc34b242024402972cd5143eac68d8dffaca5eaa4dba30ce17b027"
    },
    "@std/path@1.1.4": {
      "integrity": "1d2d43f39efb1b42f0b1882a25486647cb851481862dc7313390b2bb044314b5",
      "dependencies": [
        "jsr:@std/internal"
      ]
    }
  },
  "npm": {
    "@types/emscripten@1.41.5": {
      "integrity": "sha512-cMQm7pxu6BxtHyqJ7mQZ2kXWV5SLmugybFdHCBbJ5eHzOo6VhBckEgAT3//rP5FwPHNPeEiq4SmQ5ucBwsOo4Q=="
    },
    "commander@13.1.0": {
      "integrity": "sha512-/rFeCpNJQbhSZjGVwO9RFV3xPqbnERS8MmIQzCtD/zl6gpJuV/bMLuN92oG3F7d8oDEHHRrujSXNUr8fpjntKw=="
    },
    "openai@6.34.0": {
      "integrity": "sha512-yEr2jdGf4tVFYG6ohmr3pF6VJuveP0EA/sS8TBx+4Eq5NT10alu5zg2dmxMXMgqpihRDQlFGpRt2XwsGj+Fyxw==",
      "bin": true
    },
    "pyodide@0.29.3": {
      "integrity": "sha512-22UBuhOJawj7vKUnS7/F3xK+515LJdjiMAHoCfuS6/PbHiOrSQVnYwDe+2sbVwiOZ3sMMexdXICew6NqOMQGgA==",
      "dependencies": [
        "@types/emscripten",
        "ws"
      ]
    },
    "ws@8.20.0": {
      "integrity": "sha512-sAt8BhgNbzCtgGbt2OxmpuryO63ZoDk/sqaB/znQm94T4fCEsy/yV+7CdC1kJhOU9lboAEU7R3kquuycDoibVA=="
    }
  },
  "workspace": {
    "dependencies": [
      "jsr:@std/path@1",
      "npm:commander@13",
      "npm:openai@^6.1.0",
      "npm:pyodide@~0.29.3"
    ]
  }
}
